
Microsoft Visual Studio Solution File, Format Version 12.00
# Visual Studio 15
VisualStudioVersion = 15.0.27130.2020
MinimumVisualStudioVersion = 10.0.40219.1
Project("{FAE04EC0-301F-11D3-BF4B-00C04F79EFBC}") = "WeatherWeb", "WeatherWeb\WeatherWeb.csproj", "{2BFDB712-00E9-4CD0-812B-BE530E92D33A}"
EndProject
Global
	GlobalSection(SolutionConfigurationPlatforms) = preSolution
		Debug|Any CPU = Debug|Any CPU
		Release|Any CPU = Release|Any CPU
	EndGlobalSection
	GlobalSection(ProjectConfigurationPlatforms) = postSolution
		{2BFDB712-00E9-4CD0-812B-BE530E92D33A}.Debug|Any CPU.ActiveCfg = Debug|Any CPU
		{2BFDB712-00E9-4CD0-812B-BE530E92D33A}.Debug|Any CPU.Build.0 = Debug|Any CPU
		{2BFDB712-00E9-4CD0-812B-BE530E92D33A}.Release|Any CPU.ActiveCfg = Release|Any CPU
		{2BFDB712-00E9-4CD0-812B-BE530E92D33A}.Release|Any CPU.Build.0 = Release|Any CPU
	EndGlobalSection
	GlobalSection(SolutionProperties) = preSolution
		HideSolutionNode = FALSE
	EndGlobalSection
	GlobalSection(ExtensibilityGlobals) = postSolution
		SolutionGuid = {6683A8F8-2C1B-48E6-A90A-BF21394C24D9}
	EndGlobalSection
EndGlobal
